// !$*UTF8*$!
{
	archiveVersion = 1;
	classes = {
	};
	objectVersion = 50;
	objects = {

/* Begin PBXBuildFile section */
		C80E082726229F470064AACC /* FaderStackView.swift in Sources */ = {isa = PBXBuildFile; fileRef = C882DBCB2622997300D9F35E /* FaderStackView.swift */; };
		C80E082826229F470064AACC /* FaderView.swift in Sources */ = {isa = PBXBuildFile; fileRef = C882DBCD2622997300D9F35E /* FaderView.swift */; };
		C80E082926229F470064AACC /* TrackView.swift in Sources */ = {isa = PBXBuildFile; fileRef = C882DBC92622997300D9F35E /* TrackView.swift */; };
		C80E082A26229F470064AACC /* SelectorView.swift in Sources */ = {isa = PBXBuildFile; fileRef = C882DBCA2622997300D9F35E /* SelectorView.swift */; };
		C836D78D25EC535E0015160F /* VolumeKnobView.swift in Sources */ = {isa = PBXBuildFile; fileRef = C836D78C25EC535E0015160F /* VolumeKnobView.swift */; };
		C836D7E926005C580015160F /* Track.swift in Sources */ = {isa = PBXBuildFile; fileRef = C836D7E826005C580015160F /* Track.swift */; };
		C836D7EC26005C5E0015160F /* ChannelData.swift in Sources */ = {isa = PBXBuildFile; fileRef = C836D7EB26005C5E0015160F /* ChannelData.swift */; };
		C836D7EF26005C660015160F /* SoundManager.swift in Sources */ = {isa = PBXBuildFile; fileRef = C836D7EE26005C660015160F /* SoundManager.swift */; };
		C836D7F7260060DC0015160F /* Audio in Resources */ = {isa = PBXBuildFile; fileRef = C836D7F6260060DC0015160F /* Audio */; };
		C836D7FB2606D4EC0015160F /* TooltipView.swift in Sources */ = {isa = PBXBuildFile; fileRef = C836D7FA2606D4EC0015160F /* TooltipView.swift */; };
		C882DBD326229A0C00D9F35E /* ContentView.swift in Sources */ = {isa = PBXBuildFile; fileRef = C882DBCC2622997300D9F35E /* ContentView.swift */; };
		C89917DD25E326B2002D1D66 /* WorkFromWhereverApp.swift in Sources */ = {isa = PBXBuildFile; fileRef = C89917DC25E326B2002D1D66 /* WorkFromWhereverApp.swift */; };
		C89917E125E326B3002D1D66 /* Assets.xcassets in Resources */ = {isa = PBXBuildFile; fileRef = C89917E025E326B3002D1D66 /* Assets.xcassets */; };
		C89917E425E326B3002D1D66 /* Preview Assets.xcassets in Resources */ = {isa = PBXBuildFile; fileRef = C89917E325E326B3002D1D66 /* Preview Assets.xcassets */; };
		C8D99BB92665A80B00C88E66 /* ContentLoader.swift in Sources */ = {isa = PBXBuildFile; fileRef = C8D99BB82665A80B00C88E66 /* ContentLoader.swift */; };
		C8D99BBC2665A82C00C88E66 /* ChannelListViewModel.swift in Sources */ = {isa = PBXBuildFile; fileRef = C8D99BBB2665A82C00C88E66 /* ChannelListViewModel.swift */; };
		C8D99BBF2665A84B00C88E66 /* Models.swift in Sources */ = {isa = PBXBuildFile; fileRef = C8D99BBE2665A84B00C88E66 /* Models.swift */; };
/* End PBXBuildFile section */

/* Begin PBXFileReference section */
		C836D78C25EC535E0015160F /* VolumeKnobView.swift */ = {isa = PBXFileReference; lastKnownFileType = sourcecode.swift; path = VolumeKnobView.swift; sourceTree = "<group>"; };
		C836D7E826005C580015160F /* Track.swift */ = {isa = PBXFileReference; lastKnownFileType = sourcecode.swift; path = Track.swift; sourceTree = "<group>"; };
		C836D7EB26005C5E0015160F /* ChannelData.swift */ = {isa = PBXFileReference; lastKnownFileType = sourcecode.swift; path = ChannelData.swift; sourceTree = "<group>"; };
		C836D7EE26005C660015160F /* SoundManager.swift */ = {isa = PBXFileReference; lastKnownFileType = sourcecode.swift; path = SoundManager.swift; sourceTree = "<group>"; };
		C836D7F6260060DC0015160F /* Audio */ = {isa = PBXFileReference; lastKnownFileType = folder; path = Audio; sourceTree = "<group>"; };
		C836D7FA2606D4EC0015160F /* TooltipView.swift */ = {isa = PBXFileReference; lastKnownFileType = sourcecode.swift; path = TooltipView.swift; sourceTree = "<group>"; };
		C882DBC92622997300D9F35E /* TrackView.swift */ = {isa = PBXFileReference; lastKnownFileType = sourcecode.swift; path = TrackView.swift; sourceTree = "<group>"; };
		C882DBCA2622997300D9F35E /* SelectorView.swift */ = {isa = PBXFileReference; lastKnownFileType = sourcecode.swift; path = SelectorView.swift; sourceTree = "<group>"; };
		C882DBCB2622997300D9F35E /* FaderStackView.swift */ = {isa = PBXFileReference; lastKnownFileType = sourcecode.swift; path = FaderStackView.swift; sourceTree = "<group>"; };
		C882DBCC2622997300D9F35E /* ContentView.swift */ = {isa = PBXFileReference; lastKnownFileType = sourcecode.swift; path = ContentView.swift; sourceTree = "<group>"; };
		C882DBCD2622997300D9F35E /* FaderView.swift */ = {isa = PBXFileReference; lastKnownFileType = sourcecode.swift; path = FaderView.swift; sourceTree = "<group>"; };
		C89917D925E326B2002D1D66 /* WfW.app */ = {isa = PBXFileReference; explicitFileType = wrapper.application; includeInIndex = 0; path = WfW.app; sourceTree = BUILT_PRODUCTS_DIR; };
		C89917DC25E326B2002D1D66 /* WorkFromWhereverApp.swift */ = {isa = PBXFileReference; lastKnownFileType = sourcecode.swift; path = WorkFromWhereverApp.swift; sourceTree = "<group>"; };
		C89917E025E326B3002D1D66 /* Assets.xcassets */ = {isa = PBXFileReference; lastKnownFileType = folder.assetcatalog; path = Assets.xcassets; sourceTree = "<group>"; };
		C89917E325E326B3002D1D66 /* Preview Assets.xcassets */ = {isa = PBXFileReference; lastKnownFileType = folder.assetcatalog; path = "Preview Assets.xcassets"; sourceTree = "<group>"; };
		C89917E525E326B3002D1D66 /* Info.plist */ = {isa = PBXFileReference; lastKnownFileType = text.plist.xml; path = Info.plist; sourceTree = "<group>"; };
		C89917E625E326B3002D1D66 /* WorkFromWherever.entitlements */ = {isa = PBXFileReference; lastKnownFileType = text.plist.entitlements; path = WorkFromWherever.entitlements; sourceTree = "<group>"; };
		C8D99BB82665A80B00C88E66 /* ContentLoader.swift */ = {isa = PBXFileReference; lastKnownFileType = sourcecode.swift; path = ContentLoader.swift; sourceTree = "<group>"; };
		C8D99BBB2665A82C00C88E66 /* ChannelListViewModel.swift */ = {isa = PBXFileReference; lastKnownFileType = sourcecode.swift; path = ChannelListViewModel.swift; sourceTree = "<group>"; };
		C8D99BBE2665A84B00C88E66 /* Models.swift */ = {isa = PBXFileReference; lastKnownFileType = sourcecode.swift; path = Models.swift; sourceTree = "<group>"; };
/* End PBXFileReference section */

/* Begin PBXFrameworksBuildPhase section */
		C89917D625E326B2002D1D66 /* Frameworks */ = {
			isa = PBXFrameworksBuildPhase;
			buildActionMask = 2147483647;
			files = (
			);
			runOnlyForDeploymentPostprocessing = 0;
		};
/* End PBXFrameworksBuildPhase section */

/* Begin PBXGroup section */
		C89917D025E326B2002D1D66 = {
			isa = PBXGroup;
			children = (
				C89917DB25E326B2002D1D66 /* WorkFromWherever */,
				C89917DA25E326B2002D1D66 /* Products */,
			);
			sourceTree = "<group>";
		};
		C89917DA25E326B2002D1D66 /* Products */ = {
			isa = PBXGroup;
			children = (
				C89917D925E326B2002D1D66 /* WfW.app */,
			);
			name = Products;
			sourceTree = "<group>";
		};
		C89917DB25E326B2002D1D66 /* WorkFromWherever */ = {
			isa = PBXGroup;
			children = (
				C89917DC25E326B2002D1D66 /* WorkFromWhereverApp.swift */,
				C8D99BC12665A86B00C88E66 /* Views */,
				C836D7EB26005C5E0015160F /* ChannelData.swift */,
				C8D99BBB2665A82C00C88E66 /* ChannelListViewModel.swift */,
				C8D99BB82665A80B00C88E66 /* ContentLoader.swift */,
				C8D99BBE2665A84B00C88E66 /* Models.swift */,
				C836D7EE26005C660015160F /* SoundManager.swift */,
				C836D7E826005C580015160F /* Track.swift */,
				C836D7F6260060DC0015160F /* Audio */,
				C89917E025E326B3002D1D66 /* Assets.xcassets */,
				C89917E525E326B3002D1D66 /* Info.plist */,
				C89917E625E326B3002D1D66 /* WorkFromWherever.entitlements */,
				C89917E225E326B3002D1D66 /* Preview Content */,
			);
			path = WorkFromWherever;
			sourceTree = "<group>";
		};
		C89917E225E326B3002D1D66 /* Preview Content */ = {
			isa = PBXGroup;
			children = (
				C89917E325E326B3002D1D66 /* Preview Assets.xcassets */,
			);
			path = "Preview Content";
			sourceTree = "<group>";
		};
		C8D99BC12665A86B00C88E66 /* Views */ = {
			isa = PBXGroup;
			children = (
				C882DBCC2622997300D9F35E /* ContentView.swift */,
				C882DBCB2622997300D9F35E /* FaderStackView.swift */,
				C882DBCD2622997300D9F35E /* FaderView.swift */,
				C882DBCA2622997300D9F35E /* SelectorView.swift */,
				C836D7FA2606D4EC0015160F /* TooltipView.swift */,
				C882DBC92622997300D9F35E /* TrackView.swift */,
				C836D78C25EC535E0015160F /* VolumeKnobView.swift */,
			);
			path = Views;
			sourceTree = "<group>";
		};
/* End PBXGroup section */

/* Begin PBXNativeTarget section */
		C89917D825E326B2002D1D66 /* WorkFromWherever */ = {
			isa = PBXNativeTarget;
			buildConfigurationList = C89917E925E326B3002D1D66 /* Build configuration list for PBXNativeTarget "WorkFromWherever" */;
			buildPhases = (
				C89917D525E326B2002D1D66 /* Sources */,
				C89917D625E326B2002D1D66 /* Frameworks */,
				C89917D725E326B2002D1D66 /* Resources */,
			);
			buildRules = (
			);
			dependencies = (
			);
			name = WorkFromWherever;
			packageProductDependencies = (
			);
			productName = WorkFromWherever;
			productReference = C89917D925E326B2002D1D66 /* WfW.app */;
			productType = "com.apple.product-type.application";
		};
/* End PBXNativeTarget section */

/* Begin PBXProject section */
		C89917D125E326B2002D1D66 /* Project object */ = {
			isa = PBXProject;
			attributes = {
				LastSwiftUpdateCheck = 1220;
				LastUpgradeCheck = 1220;
				TargetAttributes = {
					C89917D825E326B2002D1D66 = {
						CreatedOnToolsVersion = 12.2;
					};
				};
			};
			buildConfigurationList = C89917D425E326B2002D1D66 /* Build configuration list for PBXProject "WorkFromWherever" */;
			compatibilityVersion = "Xcode 9.3";
			developmentRegion = en;
			hasScannedForEncodings = 0;
			knownRegions = (
				en,
				Base,
			);
			mainGroup = C89917D025E326B2002D1D66;
			packageReferences = (
			);
			productRefGroup = C89917DA25E326B2002D1D66 /* Products */;
			projectDirPath = "";
			projectRoot = "";
			targets = (
				C89917D825E326B2002D1D66 /* WorkFromWherever */,
			);
		};
/* End PBXProject section */

/* Begin PBXResourcesBuildPhase section */
		C89917D725E326B2002D1D66 /* Resources */ = {
			isa = PBXResourcesBuildPhase;
			buildActionMask = 2147483647;
			files = (
				C89917E425E326B3002D1D66 /* Preview Assets.xcassets in Resources */,
				C89917E125E326B3002D1D66 /* Assets.xcassets in Resources */,
				C836D7F7260060DC0015160F /* Audio in Resources */,
			);
			runOnlyForDeploymentPostprocessing = 0;
		};
/* End PBXResourcesBuildPhase section */

/* Begin PBXSourcesBuildPhase section */
		C89917D525E326B2002D1D66 /* Sources */ = {
			isa = PBXSourcesBuildPhase;
			buildActionMask = 2147483647;
			files = (
				C89917DD25E326B2002D1D66 /* WorkFromWhereverApp.swift in Sources */,
				C836D78D25EC535E0015160F /* VolumeKnobView.swift in Sources */,
				C80E082926229F470064AACC /* TrackView.swift in Sources */,
				C80E082726229F470064AACC /* FaderStackView.swift in Sources */,
				C8D99BBC2665A82C00C88E66 /* ChannelListViewModel.swift in Sources */,
				C8D99BB92665A80B00C88E66 /* ContentLoader.swift in Sources */,
				C80E082826229F470064AACC /* FaderView.swift in Sources */,
				C882DBD326229A0C00D9F35E /* ContentView.swift in Sources */,
				C836D7E926005C580015160F /* Track.swift in Sources */,
				C836D7EC26005C5E0015160F /* ChannelData.swift in Sources */,
				C836D7EF26005C660015160F /* SoundManager.swift in Sources */,
				C836D7FB2606D4EC0015160F /* TooltipView.swift in Sources */,
				C80E082A26229F470064AACC /* SelectorView.swift in Sources */,
				C8D99BBF2665A84B00C88E66 /* Models.swift in Sources */,
			);
			runOnlyForDeploymentPostprocessing = 0;
		};
/* End PBXSourcesBuildPhase section */

/* Begin XCBuildConfiguration section */
		C89917E725E326B3002D1D66 /* Debug */ = {
			isa = XCBuildConfiguration;
			buildSettings = {
				ALWAYS_SEARCH_USER_PATHS = NO;
				CLANG_ANALYZER_NONNULL = YES;
				CLANG_ANALYZER_NUMBER_OBJECT_CONVERSION = YES_AGGRESSIVE;
				CLANG_CXX_LANGUAGE_STANDARD = "gnu++14";
				CLANG_CXX_LIBRARY = "libc++";
				CLANG_ENABLE_MODULES = YES;
				CLANG_ENABLE_OBJC_ARC = YES;
				CLANG_ENABLE_OBJC_WEAK = YES;
				CLANG_WARN_BLOCK_CAPTURE_AUTORELEASING = YES;
				CLANG_WARN_BOOL_CONVERSION = YES;
				CLANG_WARN_COMMA = YES;
				CLANG_WARN_CONSTANT_CONVERSION = YES;
				CLANG_WARN_DEPRECATED_OBJC_IMPLEMENTATIONS = YES;
				CLANG_WARN_DIRECT_OBJC_ISA_USAGE = YES_ERROR;
				CLANG_WARN_DOCUMENTATION_COMMENTS = YES;
				CLANG_WARN_EMPTY_BODY = YES;
				CLANG_WARN_ENUM_CONVERSION = YES;
				CLANG_WARN_INFINITE_RECURSION = YES;
				CLANG_WARN_INT_CONVERSION = YES;
				CLANG_WARN_NON_LITERAL_NULL_CONVERSION = YES;
				CLANG_WARN_OBJC_IMPLICIT_RETAIN_SELF = YES;
				CLANG_WARN_OBJC_LITERAL_CONVERSION = YES;
				CLANG_WARN_OBJC_ROOT_CLASS = YES_ERROR;
				CLANG_WARN_QUOTED_INCLUDE_IN_FRAMEWORK_HEADER = YES;
				CLANG_WARN_RANGE_LOOP_ANALYSIS = YES;
				CLANG_WARN_STRICT_PROTOTYPES = YES;
				CLANG_WARN_SUSPICIOUS_MOVE = YES;
				CLANG_WARN_UNGUARDED_AVAILABILITY = YES_AGGRESSIVE;
				CLANG_WARN_UNREACHABLE_CODE = YES;
				CLANG_WARN__DUPLICATE_METHOD_MATCH = YES;
				COPY_PHASE_STRIP = NO;
				DEBUG_INFORMATION_FORMAT = dwarf;
				ENABLE_STRICT_OBJC_MSGSEND = YES;
				ENABLE_TESTABILITY = YES;
				GCC_C_LANGUAGE_STANDARD = gnu11;
				GCC_DYNAMIC_NO_PIC = NO;
				GCC_NO_COMMON_BLOCKS = YES;
				GCC_OPTIMIZATION_LEVEL = 0;
				GCC_PREPROCESSOR_DEFINITIONS = (
					"DEBUG=1",
					"$(inherited)",
				);
				GCC_WARN_64_TO_32_BIT_CONVERSION = YES;
				GCC_WARN_ABOUT_RETURN_TYPE = YES_ERROR;
				GCC_WARN_UNDECLARED_SELECTOR = YES;
				GCC_WARN_UNINITIALIZED_AUTOS = YES_AGGRESSIVE;
				GCC_WARN_UNUSED_FUNCTION = YES;
				GCC_WARN_UNUSED_VARIABLE = YES;
				MACOSX_DEPLOYMENT_TARGET = 11.0;
				MTL_ENABLE_DEBUG_INFO = INCLUDE_SOURCE;
				MTL_FAST_MATH = YES;
				ONLY_ACTIVE_ARCH = YES;
				SDKROOT = macosx;
				SWIFT_ACTIVE_COMPILATION_CONDITIONS = DEBUG;
				SWIFT_OPTIMIZATION_LEVEL = "-Onone";
			};
			name = Debug;
		};
		C89917E825E326B3002D1D66 /* Release */ = {
			isa = XCBuildConfiguration;
			buildSettings = {
				ALWAYS_SEARCH_USER_PATHS = NO;
				CLANG_ANALYZER_NONNULL = YES;
				CLANG_ANALYZER_NUMBER_OBJECT_CONVERSION = YES_AGGRESSIVE;
				CLANG_CXX_LANGUAGE_STANDARD = "gnu++14";
				CLANG_CXX_LIBRARY = "libc++";
				CLANG_ENABLE_MODULES = YES;
				CLANG_ENABLE_OBJC_ARC = YES;
				CLANG_ENABLE_OBJC_WEAK = YES;
				CLANG_WARN_BLOCK_CAPTURE_AUTORELEASING = YES;
				CLANG_WARN_BOOL_CONVERSION = YES;
				CLANG_WARN_COMMA = YES;
				CLANG_WARN_CONSTANT_CONVERSION = YES;
				CLANG_WARN_DEPRECATED_OBJC_IMPLEMENTATIONS = YES;
				CLANG_WARN_DIRECT_OBJC_ISA_USAGE = YES_ERROR;
				CLANG_WARN_DOCUMENTATION_COMMENTS = YES;
				CLANG_WARN_EMPTY_BODY = YES;
				CLANG_WARN_ENUM_CONVERSION = YES;
				CLANG_WARN_INFINITE_RECURSION = YES;
				CLANG_WARN_INT_CONVERSION = YES;
				CLANG_WARN_NON_LITERAL_NULL_CONVERSION = YES;
				CLANG_WARN_OBJC_IMPLICIT_RETAIN_SELF = YES;
				CLANG_WARN_OBJC_LITERAL_CONVERSION = YES;
				CLANG_WARN_OBJC_ROOT_CLASS = YES_ERROR;
				CLANG_WARN_QUOTED_INCLUDE_IN_FRAMEWORK_HEADER = YES;
				CLANG_WARN_RANGE_LOOP_ANALYSIS = YES;
				CLANG_WARN_STRICT_PROTOTYPES = YES;
				CLANG_WARN_SUSPICIOUS_MOVE = YES;
				CLANG_WARN_UNGUARDED_AVAILABILITY = YES_AGGRESSIVE;
				CLANG_WARN_UNREACHABLE_CODE = YES;
				CLANG_WARN__DUPLICATE_METHOD_MATCH = YES;
				COPY_PHASE_STRIP = NO;
				DEBUG_INFORMATION_FORMAT = "dwarf-with-dsym";
				ENABLE_NS_ASSERTIONS = NO;
				ENABLE_STRICT_OBJC_MSGSEND = YES;
				GCC_C_LANGUAGE_STANDARD = gnu11;
				GCC_NO_COMMON_BLOCKS = YES;
				GCC_WARN_64_TO_32_BIT_CONVERSION = YES;
				GCC_WARN_ABOUT_RETURN_TYPE = YES_ERROR;
				GCC_WARN_UNDECLARED_SELECTOR = YES;
				GCC_WARN_UNINITIALIZED_AUTOS = YES_AGGRESSIVE;
				GCC_WARN_UNUSED_FUNCTION = YES;
				GCC_WARN_UNUSED_VARIABLE = YES;
				MACOSX_DEPLOYMENT_TARGET = 11.0;
				MTL_ENABLE_DEBUG_INFO = NO;
				MTL_FAST_MATH = YES;
				SDKROOT = macosx;
				SWIFT_COMPILATION_MODE = wholemodule;
				SWIFT_OPTIMIZATION_LEVEL = "-O";
			};
			name = Release;
		};
		C89917EA25E326B3002D1D66 /* Debug */ = {
			isa = XCBuildConfiguration;
			buildSettings = {
				ASSETCATALOG_COMPILER_APPICON_NAME = AppIcon;
				ASSETCATALOG_COMPILER_GLOBAL_ACCENT_COLOR_NAME = AccentColor;
				CODE_SIGN_ENTITLEMENTS = WorkFromWherever/WorkFromWherever.entitlements;
				CODE_SIGN_STYLE = Automatic;
				COMBINE_HIDPI_IMAGES = YES;
				CURRENT_PROJECT_VERSION = 2;
				DEVELOPMENT_ASSET_PATHS = "\"WorkFromWherever/Preview Content\"";
				DEVELOPMENT_TEAM = F725AN38JF;
				ENABLE_HARDENED_RUNTIME = YES;
				ENABLE_PREVIEWS = YES;
				INFOPLIST_FILE = WorkFromWherever/Info.plist;
				LD_RUNPATH_SEARCH_PATHS = (
					"$(inherited)",
					"@executable_path/../Frameworks",
				);
				MACOSX_DEPLOYMENT_TARGET = 11.0;
				MARKETING_VERSION = "1.03-alpha";
				PRODUCT_BUNDLE_IDENTIFIER = com.stakelon.WorkFromWherever;
				PRODUCT_NAME = WfW;
				SWIFT_VERSION = 5.0;
			};
			name = Debug;
		};
		C89917EB25E326B3002D1D66 /* Release */ = {
			isa = XCBuildConfiguration;
			buildSettings = {
				ASSETCATALOG_COMPILER_APPICON_NAME = AppIcon;
				ASSETCATALOG_COMPILER_GLOBAL_ACCENT_COLOR_NAME = AccentColor;
				CODE_SIGN_ENTITLEMENTS = WorkFromWherever/WorkFromWherever.entitlements;
				CODE_SIGN_STYLE = Automatic;
				COMBINE_HIDPI_IMAGES = YES;
				CURRENT_PROJECT_VERSION = 2;
				DEVELOPMENT_ASSET_PATHS = "\"WorkFromWherever/Preview Content\"";
				DEVELOPMENT_TEAM = F725AN38JF;
				ENABLE_HARDENED_RUNTIME = YES;
				ENABLE_PREVIEWS = YES;
				INFOPLIST_FILE = WorkFromWherever/Info.plist;
				LD_RUNPATH_SEARCH_PATHS = (
					"$(inherited)",
					"@executable_path/../Frameworks",
				);
				MACOSX_DEPLOYMENT_TARGET = 11.0;
				MARKETING_VERSION = "1.03-alpha";
				PRODUCT_BUNDLE_IDENTIFIER = com.stakelon.WorkFromWherever;
				PRODUCT_NAME = WfW;
				SWIFT_VERSION = 5.0;
			};
			name = Release;
		};
/* End XCBuildConfiguration section */

/* Begin XCConfigurationList section */
		C89917D425E326B2002D1D66 /* Build configuration list for PBXProject "WorkFromWherever" */ = {
			isa = XCConfigurationList;
			buildConfigurations = (
				C89917E725E326B3002D1D66 /* Debug */,
				C89917E825E326B3002D1D66 /* Release */,
			);
			defaultConfigurationIsVisible = 0;
			defaultConfigurationName = Release;
		};
		C89917E925E326B3002D1D66 /* Build configuration list for PBXNativeTarget "WorkFromWherever" */ = {
			isa = XCConfigurationList;
			buildConfigurations = (
				C89917EA25E326B3002D1D66 /* Debug */,
				C89917EB25E326B3002D1D66 /* Release */,
			);
			defaultConfigurationIsVisible = 0;
			defaultConfigurationName = Release;
		};
/* End XCConfigurationList section */
	};
	rootObject = C89917D125E326B2002D1D66 /* Project object */;
}
